
Microsoft Visual Studio Solution File, Format Version 12.00
# Visual Studio Version 17
VisualStudioVersion = 17.13.35723.152
MinimumVisualStudioVersion = 10.0.40219.1
Project("{FAE04EC0-301F-11D3-BF4B-00C04F79EFBC}") = "01Syntax", "01Syntax\01Syntax.csproj", "{87419AC0-3DA0-4B9A-96F3-B04ECCB2C9A0}"
EndProject
Project("{FAE04EC0-301F-11D3-BF4B-00C04F79EFBC}") = "02Output", "02Output\02Output.csproj", "{F4BEDE75-24AB-4B27-BA69-2D811F5BCCDD}"
EndProject
Project("{FAE04EC0-301F-11D3-BF4B-00C04F79EFBC}") = "03Comments", "03Comments\03Comments.csproj", "{0BEDF806-001D-44E7-8F35-DC6659EC4549}"
EndProject
Project("{FAE04EC0-301F-11D3-BF4B-00C04F79EFBC}") = "04Variables", "04Variables\04Variables.csproj", "{A698D99D-4F31-4F9B-A936-C826B37F53E2}"
EndProject
Project("{FAE04EC0-301F-11D3-BF4B-00C04F79EFBC}") = "05Constants", "05Constants\05Constants.csproj", "{B7018BF4-A607-49DD-8908-E8372320AE9E}"
EndProject
Project("{FAE04EC0-301F-11D3-BF4B-00C04F79EFBC}") = "06DisplayVariables", "Variables\06DisplayVariables.csproj", "{E8A2496E-DEA1-4B30-B3AF-915A70845FB9}"
EndProject
Project("{FAE04EC0-301F-11D3-BF4B-00C04F79EFBC}") = "07MultipleVariables", "07MultipleVariables\07MultipleVariables.csproj", "{BD117DF9-6C4F-46B2-89E0-D454C780BAE4}"
EndProject
Project("{FAE04EC0-301F-11D3-BF4B-00C04F79EFBC}") = "08Identifiers", "08Identifiers\08Identifiers.csproj", "{E1EDE571-4074-4FDE-9530-909FB0A3A4FC}"
EndProject
Project("{FAE04EC0-301F-11D3-BF4B-00C04F79EFBC}") = "09DataTypes", "09DataTypes\09DataTypes.csproj", "{AAF9D850-929A-43C0-9F76-6657D1BA6027}"
EndProject
Project("{FAE04EC0-301F-11D3-BF4B-00C04F79EFBC}") = "10TypeCasting", "TypeCasting\10TypeCasting.csproj", "{4BBBC658-197A-41B2-BF48-ABEF08324C0C}"
EndProject
Project("{FAE04EC0-301F-11D3-BF4B-00C04F79EFBC}") = "11UserInput", "UserInput\11UserInput.csproj", "{05C89795-23E1-45EF-B5D2-F63F10176BBD}"
EndProject
Project("{FAE04EC0-301F-11D3-BF4B-00C04F79EFBC}") = "12ArithmeticOperators", "12Operators\12ArithmeticOperators.csproj", "{AC7DEA42-63C2-4022-A251-599BE3AB799D}"
EndProject
Project("{FAE04EC0-301F-11D3-BF4B-00C04F79EFBC}") = "13AssignmentOperators", "13AssignmentOperators\13AssignmentOperators.csproj", "{CF624CF0-3536-4E57-8BA6-F4327D16E57C}"
EndProject
Project("{FAE04EC0-301F-11D3-BF4B-00C04F79EFBC}") = "14ComparisonOperators", "14ComparisonOperators\14ComparisonOperators.csproj", "{DB78E5F2-6B22-481C-A063-C02E7075E9E8}"
EndProject
Project("{FAE04EC0-301F-11D3-BF4B-00C04F79EFBC}") = "15LogicalOperators", "15LogicalOperators\15LogicalOperators.csproj", "{4A1009C0-7352-44CE-A28D-218F0369DC0F}"
EndProject
Global
	GlobalSection(SolutionConfigurationPlatforms) = preSolution
		Debug|Any CPU = Debug|Any CPU
		Release|Any CPU = Release|Any CPU
	EndGlobalSection
	GlobalSection(ProjectConfigurationPlatforms) = postSolution
		{87419AC0-3DA0-4B9A-96F3-B04ECCB2C9A0}.Debug|Any CPU.ActiveCfg = Debug|Any CPU
		{87419AC0-3DA0-4B9A-96F3-B04ECCB2C9A0}.Debug|Any CPU.Build.0 = Debug|Any CPU
		{87419AC0-3DA0-4B9A-96F3-B04ECCB2C9A0}.Release|Any CPU.ActiveCfg = Release|Any CPU
		{87419AC0-3DA0-4B9A-96F3-B04ECCB2C9A0}.Release|Any CPU.Build.0 = Release|Any CPU
		{F4BEDE75-24AB-4B27-BA69-2D811F5BCCDD}.Debug|Any CPU.ActiveCfg = Debug|Any CPU
		{F4BEDE75-24AB-4B27-BA69-2D811F5BCCDD}.Debug|Any CPU.Build.0 = Debug|Any CPU
		{F4BEDE75-24AB-4B27-BA69-2D811F5BCCDD}.Release|Any CPU.ActiveCfg = Release|Any CPU
		{F4BEDE75-24AB-4B27-BA69-2D811F5BCCDD}.Release|Any CPU.Build.0 = Release|Any CPU
		{0BEDF806-001D-44E7-8F35-DC6659EC4549}.Debug|Any CPU.ActiveCfg = Debug|Any CPU
		{0BEDF806-001D-44E7-8F35-DC6659EC4549}.Debug|Any CPU.Build.0 = Debug|Any CPU
		{0BEDF806-001D-44E7-8F35-DC6659EC4549}.Release|Any CPU.ActiveCfg = Release|Any CPU
		{0BEDF806-001D-44E7-8F35-DC6659EC4549}.Release|Any CPU.Build.0 = Release|Any CPU
		{A698D99D-4F31-4F9B-A936-C826B37F53E2}.Debug|Any CPU.ActiveCfg = Debug|Any CPU
		{A698D99D-4F31-4F9B-A936-C826B37F53E2}.Debug|Any CPU.Build.0 = Debug|Any CPU
		{A698D99D-4F31-4F9B-A936-C826B37F53E2}.Release|Any CPU.ActiveCfg = Release|Any CPU
		{A698D99D-4F31-4F9B-A936-C826B37F53E2}.Release|Any CPU.Build.0 = Release|Any CPU
		{B7018BF4-A607-49DD-8908-E8372320AE9E}.Debug|Any CPU.ActiveCfg = Debug|Any CPU
		{B7018BF4-A607-49DD-8908-E8372320AE9E}.Debug|Any CPU.Build.0 = Debug|Any CPU
		{B7018BF4-A607-49DD-8908-E8372320AE9E}.Release|Any CPU.ActiveCfg = Release|Any CPU
		{B7018BF4-A607-49DD-8908-E8372320AE9E}.Release|Any CPU.Build.0 = Release|Any CPU
		{E8A2496E-DEA1-4B30-B3AF-915A70845FB9}.Debug|Any CPU.ActiveCfg = Debug|Any CPU
		{E8A2496E-DEA1-4B30-B3AF-915A70845FB9}.Debug|Any CPU.Build.0 = Debug|Any CPU
		{E8A2496E-DEA1-4B30-B3AF-915A70845FB9}.Release|Any CPU.ActiveCfg = Release|Any CPU
		{E8A2496E-DEA1-4B30-B3AF-915A70845FB9}.Release|Any CPU.Build.0 = Release|Any CPU
		{BD117DF9-6C4F-46B2-89E0-D454C780BAE4}.Debug|Any CPU.ActiveCfg = Debug|Any CPU
		{BD117DF9-6C4F-46B2-89E0-D454C780BAE4}.Debug|Any CPU.Build.0 = Debug|Any CPU
		{BD117DF9-6C4F-46B2-89E0-D454C780BAE4}.Release|Any CPU.ActiveCfg = Release|Any CPU
		{BD117DF9-6C4F-46B2-89E0-D454C780BAE4}.Release|Any CPU.Build.0 = Release|Any CPU
		{E1EDE571-4074-4FDE-9530-909FB0A3A4FC}.Debug|Any CPU.ActiveCfg = Debug|Any CPU
		{E1EDE571-4074-4FDE-9530-909FB0A3A4FC}.Debug|Any CPU.Build.0 = Debug|Any CPU
		{E1EDE571-4074-4FDE-9530-909FB0A3A4FC}.Release|Any CPU.ActiveCfg = Release|Any CPU
		{E1EDE571-4074-4FDE-9530-909FB0A3A4FC}.Release|Any CPU.Build.0 = Release|Any CPU
		{AAF9D850-929A-43C0-9F76-6657D1BA6027}.Debug|Any CPU.ActiveCfg = Debug|Any CPU
		{AAF9D850-929A-43C0-9F76-6657D1BA6027}.Debug|Any CPU.Build.0 = Debug|Any CPU
		{AAF9D850-929A-43C0-9F76-6657D1BA6027}.Release|Any CPU.ActiveCfg = Release|Any CPU
		{AAF9D850-929A-43C0-9F76-6657D1BA6027}.Release|Any CPU.Build.0 = Release|Any CPU
		{4BBBC658-197A-41B2-BF48-ABEF08324C0C}.Debug|Any CPU.ActiveCfg = Debug|Any CPU
		{4BBBC658-197A-41B2-BF48-ABEF08324C0C}.Debug|Any CPU.Build.0 = Debug|Any CPU
		{4BBBC658-197A-41B2-BF48-ABEF08324C0C}.Release|Any CPU.ActiveCfg = Release|Any CPU
		{4BBBC658-197A-41B2-BF48-ABEF08324C0C}.Release|Any CPU.Build.0 = Release|Any CPU
		{05C89795-23E1-45EF-B5D2-F63F10176BBD}.Debug|Any CPU.ActiveCfg = Debug|Any CPU
		{05C89795-23E1-45EF-B5D2-F63F10176BBD}.Debug|Any CPU.Build.0 = Debug|Any CPU
		{05C89795-23E1-45EF-B5D2-F63F10176BBD}.Release|Any CPU.ActiveCfg = Release|Any CPU
		{05C89795-23E1-45EF-B5D2-F63F10176BBD}.Release|Any CPU.Build.0 = Release|Any CPU
		{AC7DEA42-63C2-4022-A251-599BE3AB799D}.Debug|Any CPU.ActiveCfg = Debug|Any CPU
		{AC7DEA42-63C2-4022-A251-599BE3AB799D}.Debug|Any CPU.Build.0 = Debug|Any CPU
		{AC7DEA42-63C2-4022-A251-599BE3AB799D}.Release|Any CPU.ActiveCfg = Release|Any CPU
		{AC7DEA42-63C2-4022-A251-599BE3AB799D}.Release|Any CPU.Build.0 = Release|Any CPU
		{CF624CF0-3536-4E57-8BA6-F4327D16E57C}.Debug|Any CPU.ActiveCfg = Debug|Any CPU
		{CF624CF0-3536-4E57-8BA6-F4327D16E57C}.Debug|Any CPU.Build.0 = Debug|Any CPU
		{CF624CF0-3536-4E57-8BA6-F4327D16E57C}.Release|Any CPU.ActiveCfg = Release|Any CPU
		{CF624CF0-3536-4E57-8BA6-F4327D16E57C}.Release|Any CPU.Build.0 = Release|Any CPU
		{DB78E5F2-6B22-481C-A063-C02E7075E9E8}.Debug|Any CPU.ActiveCfg = Debug|Any CPU
		{DB78E5F2-6B22-481C-A063-C02E7075E9E8}.Debug|Any CPU.Build.0 = Debug|Any CPU
		{DB78E5F2-6B22-481C-A063-C02E7075E9E8}.Release|Any CPU.ActiveCfg = Release|Any CPU
		{DB78E5F2-6B22-481C-A063-C02E7075E9E8}.Release|Any CPU.Build.0 = Release|Any CPU
		{4A1009C0-7352-44CE-A28D-218F0369DC0F}.Debug|Any CPU.ActiveCfg = Debug|Any CPU
		{4A1009C0-7352-44CE-A28D-218F0369DC0F}.Debug|Any CPU.Build.0 = Debug|Any CPU
		{4A1009C0-7352-44CE-A28D-218F0369DC0F}.Release|Any CPU.ActiveCfg = Release|Any CPU
		{4A1009C0-7352-44CE-A28D-218F0369DC0F}.Release|Any CPU.Build.0 = Release|Any CPU
	EndGlobalSection
	GlobalSection(SolutionProperties) = preSolution
		HideSolutionNode = FALSE
	EndGlobalSection
	GlobalSection(ExtensibilityGlobals) = postSolution
		SolutionGuid = {7754FBAB-90E2-4D1E-8877-2040B730291E}
	EndGlobalSection
EndGlobal
