
Microsoft Visual Studio Solution File, Format Version 12.00
# Visual Studio Version 17
VisualStudioVersion = 17.13.35723.152
MinimumVisualStudioVersion = 10.0.40219.1
Project("{FAE04EC0-301F-11D3-BF4B-00C04F79EFBC}") = "01Syntax", "01Syntax\01Syntax.csproj", "{87419AC0-3DA0-4B9A-96F3-B04ECCB2C9A0}"
EndProject
Project("{FAE04EC0-301F-11D3-BF4B-00C04F79EFBC}") = "02Output", "02Output\02Output.csproj", "{F4BEDE75-24AB-4B27-BA69-2D811F5BCCDD}"
EndProject
Project("{FAE04EC0-301F-11D3-BF4B-00C04F79EFBC}") = "03Comments", "03Comments\03Comments.csproj", "{0BEDF806-001D-44E7-8F35-DC6659EC4549}"
EndProject
Project("{FAE04EC0-301F-11D3-BF4B-00C04F79EFBC}") = "04Variables", "04Variables\04Variables.csproj", "{A698D99D-4F31-4F9B-A936-C826B37F53E2}"
EndProject
Project("{FAE04EC0-301F-11D3-BF4B-00C04F79EFBC}") = "05Constants", "05Constants\05Constants.csproj", "{B7018BF4-A607-49DD-8908-E8372320AE9E}"
EndProject
Project("{FAE04EC0-301F-11D3-BF4B-00C04F79EFBC}") = "06DisplayVariables", "Variables\06DisplayVariables.csproj", "{E8A2496E-DEA1-4B30-B3AF-915A70845FB9}"
EndProject
Project("{FAE04EC0-301F-11D3-BF4B-00C04F79EFBC}") = "07MultipleVariables", "07MultipleVariables\07MultipleVariables.csproj", "{BD117DF9-6C4F-46B2-89E0-D454C780BAE4}"
EndProject
Project("{FAE04EC0-301F-11D3-BF4B-00C04F79EFBC}") = "08Identifiers", "08Identifiers\08Identifiers.csproj", "{E1EDE571-4074-4FDE-9530-909FB0A3A4FC}"
EndProject
Project("{FAE04EC0-301F-11D3-BF4B-00C04F79EFBC}") = "09DataTypes", "09DataTypes\09DataTypes.csproj", "{AAF9D850-929A-43C0-9F76-6657D1BA6027}"
EndProject
Project("{FAE04EC0-301F-11D3-BF4B-00C04F79EFBC}") = "10TypeCasting", "TypeCasting\10TypeCasting.csproj", "{4BBBC658-197A-41B2-BF48-ABEF08324C0C}"
EndProject
Project("{FAE04EC0-301F-11D3-BF4B-00C04F79EFBC}") = "11UserInput", "UserInput\11UserInput.csproj", "{05C89795-23E1-45EF-B5D2-F63F10176BBD}"
EndProject
Project("{FAE04EC0-301F-11D3-BF4B-00C04F79EFBC}") = "12ArithmeticOperators", "12Operators\12ArithmeticOperators.csproj", "{AC7DEA42-63C2-4022-A251-599BE3AB799D}"
EndProject
Project("{FAE04EC0-301F-11D3-BF4B-00C04F79EFBC}") = "13AssignmentOperators", "13AssignmentOperators\13AssignmentOperators.csproj", "{CF624CF0-3536-4E57-8BA6-F4327D16E57C}"
EndProject
Project("{FAE04EC0-301F-11D3-BF4B-00C04F79EFBC}") = "14ComparisonOperators", "14ComparisonOperators\14ComparisonOperators.csproj", "{DB78E5F2-6B22-481C-A063-C02E7075E9E8}"
EndProject
Project("{FAE04EC0-301F-11D3-BF4B-00C04F79EFBC}") = "15LogicalOperators", "15LogicalOperators\15LogicalOperators.csproj", "{4A1009C0-7352-44CE-A28D-218F0369DC0F}"
EndProject
Project("{FAE04EC0-301F-11D3-BF4B-00C04F79EFBC}") = "16Math", "16Math\16Math.csproj", "{710FADC9-B33F-4EC8-9354-91C3D618D99D}"
EndProject
Project("{FAE04EC0-301F-11D3-BF4B-00C04F79EFBC}") = "17Strings", "17Strings\17Strings.csproj", "{09B8EE66-689F-4FF2-AACB-E8F702FE1B01}"
EndProject
Project("{FAE04EC0-301F-11D3-BF4B-00C04F79EFBC}") = "18StringConcatenation", "18StringConcatenation\18StringConcatenation.csproj", "{C2DFC6E9-22CD-433C-BBE5-64A92C5E3EB2}"
EndProject
Project("{FAE04EC0-301F-11D3-BF4B-00C04F79EFBC}") = "19StringInterpolation", "19StringInterpolation\19StringInterpolation.csproj", "{C359C0F6-804E-417B-8E22-08D93FA0DF63}"
EndProject
Project("{FAE04EC0-301F-11D3-BF4B-00C04F79EFBC}") = "20AccessStrings", "20AccessStrings\20AccessStrings.csproj", "{7B5EEFA8-0767-4D8C-8EBC-A0AA0943CFDE}"
EndProject
Project("{FAE04EC0-301F-11D3-BF4B-00C04F79EFBC}") = "21SpecialCharactersString", "21SpecialCharactersString\21SpecialCharactersString.csproj", "{FCC3D165-BF75-492D-A26D-9F8BFF5A044D}"
EndProject
Project("{FAE04EC0-301F-11D3-BF4B-00C04F79EFBC}") = "22Booleans", "22Booleans\22Booleans.csproj", "{34609FC4-5676-455F-B0CE-CC844DD4059D}"
EndProject
Project("{FAE04EC0-301F-11D3-BF4B-00C04F79EFBC}") = "23IfElse", "23IfElse\23IfElse.csproj", "{2038A972-D794-4FEB-9A3C-F5585D683BF1}"
EndProject
Project("{FAE04EC0-301F-11D3-BF4B-00C04F79EFBC}") = "24Switch", "24Switch\24Switch.csproj", "{A044C867-9A3A-4DCF-8252-7ACECAFA29A2}"
EndProject
Project("{FAE04EC0-301F-11D3-BF4B-00C04F79EFBC}") = "25WhileLoop", "25WhileLoop\25WhileLoop.csproj", "{A02E459A-0051-44EF-8B8F-8A13B33427BD}"
EndProject
Project("{FAE04EC0-301F-11D3-BF4B-00C04F79EFBC}") = "26ForLoop", "26ForLoop\26ForLoop.csproj", "{F7EA0735-9928-4326-BFB7-34124779CA53}"
EndProject
Project("{FAE04EC0-301F-11D3-BF4B-00C04F79EFBC}") = "27BreakANDContinue", "27BreakANDContinue\27BreakANDContinue.csproj", "{0FC32A12-80B4-4CF9-8BDB-F5E11B69A7EF}"
EndProject
Project("{FAE04EC0-301F-11D3-BF4B-00C04F79EFBC}") = "28Arrays", "28Arrays\28Arrays.csproj", "{16B6995E-298B-430A-AAF7-56B21B4CDF3A}"
EndProject
Project("{FAE04EC0-301F-11D3-BF4B-00C04F79EFBC}") = "29LoopThroughArrays", "29LoopThroughArrays\29LoopThroughArrays.csproj", "{34877255-8E03-4CC9-8D00-04954887F7DB}"
EndProject
Project("{FAE04EC0-301F-11D3-BF4B-00C04F79EFBC}") = "30SortArrays", "30SortArrays\30SortArrays.csproj", "{5E09FD57-3560-436B-910C-56B8CF3ABEAC}"
EndProject
Project("{FAE04EC0-301F-11D3-BF4B-00C04F79EFBC}") = "31MultidimensionalArrays", "31MultidimensionalArrays\31MultidimensionalArrays.csproj", "{24FA16D4-D1F1-458F-A0B7-5E90D9FD26D2}"
EndProject
Project("{FAE04EC0-301F-11D3-BF4B-00C04F79EFBC}") = "32Methods", "32Methods\32Methods.csproj", "{F3FFC8FA-B0C8-4649-B521-4139A64D8AA0}"
EndProject
Project("{FAE04EC0-301F-11D3-BF4B-00C04F79EFBC}") = "33MethodParameters", "33MethodParameters\33MethodParameters.csproj", "{4D7DA2D0-902D-4D06-AF20-137F1744D430}"
EndProject
Project("{FAE04EC0-301F-11D3-BF4B-00C04F79EFBC}") = "34DefaultParameterValue", "34DefaultParameterValue\34DefaultParameterValue.csproj", "{E7D22EFE-829D-4FE5-9D39-E9E4BADEB02C}"
EndProject
Project("{FAE04EC0-301F-11D3-BF4B-00C04F79EFBC}") = "35ReturnValues", "35ReturnValues\35ReturnValues.csproj", "{9A327D63-478E-4DF2-A815-384D05D9A5FA}"
EndProject
Project("{FAE04EC0-301F-11D3-BF4B-00C04F79EFBC}") = "36NamedArguments", "36NamedArguments\36NamedArguments.csproj", "{E2844448-DD35-4C12-88F3-DC27388AF763}"
EndProject
Global
	GlobalSection(SolutionConfigurationPlatforms) = preSolution
		Debug|Any CPU = Debug|Any CPU
		Release|Any CPU = Release|Any CPU
	EndGlobalSection
	GlobalSection(ProjectConfigurationPlatforms) = postSolution
		{87419AC0-3DA0-4B9A-96F3-B04ECCB2C9A0}.Debug|Any CPU.ActiveCfg = Debug|Any CPU
		{87419AC0-3DA0-4B9A-96F3-B04ECCB2C9A0}.Debug|Any CPU.Build.0 = Debug|Any CPU
		{87419AC0-3DA0-4B9A-96F3-B04ECCB2C9A0}.Release|Any CPU.ActiveCfg = Release|Any CPU
		{87419AC0-3DA0-4B9A-96F3-B04ECCB2C9A0}.Release|Any CPU.Build.0 = Release|Any CPU
		{F4BEDE75-24AB-4B27-BA69-2D811F5BCCDD}.Debug|Any CPU.ActiveCfg = Debug|Any CPU
		{F4BEDE75-24AB-4B27-BA69-2D811F5BCCDD}.Debug|Any CPU.Build.0 = Debug|Any CPU
		{F4BEDE75-24AB-4B27-BA69-2D811F5BCCDD}.Release|Any CPU.ActiveCfg = Release|Any CPU
		{F4BEDE75-24AB-4B27-BA69-2D811F5BCCDD}.Release|Any CPU.Build.0 = Release|Any CPU
		{0BEDF806-001D-44E7-8F35-DC6659EC4549}.Debug|Any CPU.ActiveCfg = Debug|Any CPU
		{0BEDF806-001D-44E7-8F35-DC6659EC4549}.Debug|Any CPU.Build.0 = Debug|Any CPU
		{0BEDF806-001D-44E7-8F35-DC6659EC4549}.Release|Any CPU.ActiveCfg = Release|Any CPU
		{0BEDF806-001D-44E7-8F35-DC6659EC4549}.Release|Any CPU.Build.0 = Release|Any CPU
		{A698D99D-4F31-4F9B-A936-C826B37F53E2}.Debug|Any CPU.ActiveCfg = Debug|Any CPU
		{A698D99D-4F31-4F9B-A936-C826B37F53E2}.Debug|Any CPU.Build.0 = Debug|Any CPU
		{A698D99D-4F31-4F9B-A936-C826B37F53E2}.Release|Any CPU.ActiveCfg = Release|Any CPU
		{A698D99D-4F31-4F9B-A936-C826B37F53E2}.Release|Any CPU.Build.0 = Release|Any CPU
		{B7018BF4-A607-49DD-8908-E8372320AE9E}.Debug|Any CPU.ActiveCfg = Debug|Any CPU
		{B7018BF4-A607-49DD-8908-E8372320AE9E}.Debug|Any CPU.Build.0 = Debug|Any CPU
		{B7018BF4-A607-49DD-8908-E8372320AE9E}.Release|Any CPU.ActiveCfg = Release|Any CPU
		{B7018BF4-A607-49DD-8908-E8372320AE9E}.Release|Any CPU.Build.0 = Release|Any CPU
		{E8A2496E-DEA1-4B30-B3AF-915A70845FB9}.Debug|Any CPU.ActiveCfg = Debug|Any CPU
		{E8A2496E-DEA1-4B30-B3AF-915A70845FB9}.Debug|Any CPU.Build.0 = Debug|Any CPU
		{E8A2496E-DEA1-4B30-B3AF-915A70845FB9}.Release|Any CPU.ActiveCfg = Release|Any CPU
		{E8A2496E-DEA1-4B30-B3AF-915A70845FB9}.Release|Any CPU.Build.0 = Release|Any CPU
		{BD117DF9-6C4F-46B2-89E0-D454C780BAE4}.Debug|Any CPU.ActiveCfg = Debug|Any CPU
		{BD117DF9-6C4F-46B2-89E0-D454C780BAE4}.Debug|Any CPU.Build.0 = Debug|Any CPU
		{BD117DF9-6C4F-46B2-89E0-D454C780BAE4}.Release|Any CPU.ActiveCfg = Release|Any CPU
		{BD117DF9-6C4F-46B2-89E0-D454C780BAE4}.Release|Any CPU.Build.0 = Release|Any CPU
		{E1EDE571-4074-4FDE-9530-909FB0A3A4FC}.Debug|Any CPU.ActiveCfg = Debug|Any CPU
		{E1EDE571-4074-4FDE-9530-909FB0A3A4FC}.Debug|Any CPU.Build.0 = Debug|Any CPU
		{E1EDE571-4074-4FDE-9530-909FB0A3A4FC}.Release|Any CPU.ActiveCfg = Release|Any CPU
		{E1EDE571-4074-4FDE-9530-909FB0A3A4FC}.Release|Any CPU.Build.0 = Release|Any CPU
		{AAF9D850-929A-43C0-9F76-6657D1BA6027}.Debug|Any CPU.ActiveCfg = Debug|Any CPU
		{AAF9D850-929A-43C0-9F76-6657D1BA6027}.Debug|Any CPU.Build.0 = Debug|Any CPU
		{AAF9D850-929A-43C0-9F76-6657D1BA6027}.Release|Any CPU.ActiveCfg = Release|Any CPU
		{AAF9D850-929A-43C0-9F76-6657D1BA6027}.Release|Any CPU.Build.0 = Release|Any CPU
		{4BBBC658-197A-41B2-BF48-ABEF08324C0C}.Debug|Any CPU.ActiveCfg = Debug|Any CPU
		{4BBBC658-197A-41B2-BF48-ABEF08324C0C}.Debug|Any CPU.Build.0 = Debug|Any CPU
		{4BBBC658-197A-41B2-BF48-ABEF08324C0C}.Release|Any CPU.ActiveCfg = Release|Any CPU
		{4BBBC658-197A-41B2-BF48-ABEF08324C0C}.Release|Any CPU.Build.0 = Release|Any CPU
		{05C89795-23E1-45EF-B5D2-F63F10176BBD}.Debug|Any CPU.ActiveCfg = Debug|Any CPU
		{05C89795-23E1-45EF-B5D2-F63F10176BBD}.Debug|Any CPU.Build.0 = Debug|Any CPU
		{05C89795-23E1-45EF-B5D2-F63F10176BBD}.Release|Any CPU.ActiveCfg = Release|Any CPU
		{05C89795-23E1-45EF-B5D2-F63F10176BBD}.Release|Any CPU.Build.0 = Release|Any CPU
		{AC7DEA42-63C2-4022-A251-599BE3AB799D}.Debug|Any CPU.ActiveCfg = Debug|Any CPU
		{AC7DEA42-63C2-4022-A251-599BE3AB799D}.Debug|Any CPU.Build.0 = Debug|Any CPU
		{AC7DEA42-63C2-4022-A251-599BE3AB799D}.Release|Any CPU.ActiveCfg = Release|Any CPU
		{AC7DEA42-63C2-4022-A251-599BE3AB799D}.Release|Any CPU.Build.0 = Release|Any CPU
		{CF624CF0-3536-4E57-8BA6-F4327D16E57C}.Debug|Any CPU.ActiveCfg = Debug|Any CPU
		{CF624CF0-3536-4E57-8BA6-F4327D16E57C}.Debug|Any CPU.Build.0 = Debug|Any CPU
		{CF624CF0-3536-4E57-8BA6-F4327D16E57C}.Release|Any CPU.ActiveCfg = Release|Any CPU
		{CF624CF0-3536-4E57-8BA6-F4327D16E57C}.Release|Any CPU.Build.0 = Release|Any CPU
		{DB78E5F2-6B22-481C-A063-C02E7075E9E8}.Debug|Any CPU.ActiveCfg = Debug|Any CPU
		{DB78E5F2-6B22-481C-A063-C02E7075E9E8}.Debug|Any CPU.Build.0 = Debug|Any CPU
		{DB78E5F2-6B22-481C-A063-C02E7075E9E8}.Release|Any CPU.ActiveCfg = Release|Any CPU
		{DB78E5F2-6B22-481C-A063-C02E7075E9E8}.Release|Any CPU.Build.0 = Release|Any CPU
		{4A1009C0-7352-44CE-A28D-218F0369DC0F}.Debug|Any CPU.ActiveCfg = Debug|Any CPU
		{4A1009C0-7352-44CE-A28D-218F0369DC0F}.Debug|Any CPU.Build.0 = Debug|Any CPU
		{4A1009C0-7352-44CE-A28D-218F0369DC0F}.Release|Any CPU.ActiveCfg = Release|Any CPU
		{4A1009C0-7352-44CE-A28D-218F0369DC0F}.Release|Any CPU.Build.0 = Release|Any CPU
		{710FADC9-B33F-4EC8-9354-91C3D618D99D}.Debug|Any CPU.ActiveCfg = Debug|Any CPU
		{710FADC9-B33F-4EC8-9354-91C3D618D99D}.Debug|Any CPU.Build.0 = Debug|Any CPU
		{710FADC9-B33F-4EC8-9354-91C3D618D99D}.Release|Any CPU.ActiveCfg = Release|Any CPU
		{710FADC9-B33F-4EC8-9354-91C3D618D99D}.Release|Any CPU.Build.0 = Release|Any CPU
		{09B8EE66-689F-4FF2-AACB-E8F702FE1B01}.Debug|Any CPU.ActiveCfg = Debug|Any CPU
		{09B8EE66-689F-4FF2-AACB-E8F702FE1B01}.Debug|Any CPU.Build.0 = Debug|Any CPU
		{09B8EE66-689F-4FF2-AACB-E8F702FE1B01}.Release|Any CPU.ActiveCfg = Release|Any CPU
		{09B8EE66-689F-4FF2-AACB-E8F702FE1B01}.Release|Any CPU.Build.0 = Release|Any CPU
		{C2DFC6E9-22CD-433C-BBE5-64A92C5E3EB2}.Debug|Any CPU.ActiveCfg = Debug|Any CPU
		{C2DFC6E9-22CD-433C-BBE5-64A92C5E3EB2}.Debug|Any CPU.Build.0 = Debug|Any CPU
		{C2DFC6E9-22CD-433C-BBE5-64A92C5E3EB2}.Release|Any CPU.ActiveCfg = Release|Any CPU
		{C2DFC6E9-22CD-433C-BBE5-64A92C5E3EB2}.Release|Any CPU.Build.0 = Release|Any CPU
		{C359C0F6-804E-417B-8E22-08D93FA0DF63}.Debug|Any CPU.ActiveCfg = Debug|Any CPU
		{C359C0F6-804E-417B-8E22-08D93FA0DF63}.Debug|Any CPU.Build.0 = Debug|Any CPU
		{C359C0F6-804E-417B-8E22-08D93FA0DF63}.Release|Any CPU.ActiveCfg = Release|Any CPU
		{C359C0F6-804E-417B-8E22-08D93FA0DF63}.Release|Any CPU.Build.0 = Release|Any CPU
		{7B5EEFA8-0767-4D8C-8EBC-A0AA0943CFDE}.Debug|Any CPU.ActiveCfg = Debug|Any CPU
		{7B5EEFA8-0767-4D8C-8EBC-A0AA0943CFDE}.Debug|Any CPU.Build.0 = Debug|Any CPU
		{7B5EEFA8-0767-4D8C-8EBC-A0AA0943CFDE}.Release|Any CPU.ActiveCfg = Release|Any CPU
		{7B5EEFA8-0767-4D8C-8EBC-A0AA0943CFDE}.Release|Any CPU.Build.0 = Release|Any CPU
		{FCC3D165-BF75-492D-A26D-9F8BFF5A044D}.Debug|Any CPU.ActiveCfg = Debug|Any CPU
		{FCC3D165-BF75-492D-A26D-9F8BFF5A044D}.Debug|Any CPU.Build.0 = Debug|Any CPU
		{FCC3D165-BF75-492D-A26D-9F8BFF5A044D}.Release|Any CPU.ActiveCfg = Release|Any CPU
		{FCC3D165-BF75-492D-A26D-9F8BFF5A044D}.Release|Any CPU.Build.0 = Release|Any CPU
		{34609FC4-5676-455F-B0CE-CC844DD4059D}.Debug|Any CPU.ActiveCfg = Debug|Any CPU
		{34609FC4-5676-455F-B0CE-CC844DD4059D}.Debug|Any CPU.Build.0 = Debug|Any CPU
		{34609FC4-5676-455F-B0CE-CC844DD4059D}.Release|Any CPU.ActiveCfg = Release|Any CPU
		{34609FC4-5676-455F-B0CE-CC844DD4059D}.Release|Any CPU.Build.0 = Release|Any CPU
		{2038A972-D794-4FEB-9A3C-F5585D683BF1}.Debug|Any CPU.ActiveCfg = Debug|Any CPU
		{2038A972-D794-4FEB-9A3C-F5585D683BF1}.Debug|Any CPU.Build.0 = Debug|Any CPU
		{2038A972-D794-4FEB-9A3C-F5585D683BF1}.Release|Any CPU.ActiveCfg = Release|Any CPU
		{2038A972-D794-4FEB-9A3C-F5585D683BF1}.Release|Any CPU.Build.0 = Release|Any CPU
		{A044C867-9A3A-4DCF-8252-7ACECAFA29A2}.Debug|Any CPU.ActiveCfg = Debug|Any CPU
		{A044C867-9A3A-4DCF-8252-7ACECAFA29A2}.Debug|Any CPU.Build.0 = Debug|Any CPU
		{A044C867-9A3A-4DCF-8252-7ACECAFA29A2}.Release|Any CPU.ActiveCfg = Release|Any CPU
		{A044C867-9A3A-4DCF-8252-7ACECAFA29A2}.Release|Any CPU.Build.0 = Release|Any CPU
		{A02E459A-0051-44EF-8B8F-8A13B33427BD}.Debug|Any CPU.ActiveCfg = Debug|Any CPU
		{A02E459A-0051-44EF-8B8F-8A13B33427BD}.Debug|Any CPU.Build.0 = Debug|Any CPU
		{A02E459A-0051-44EF-8B8F-8A13B33427BD}.Release|Any CPU.ActiveCfg = Release|Any CPU
		{A02E459A-0051-44EF-8B8F-8A13B33427BD}.Release|Any CPU.Build.0 = Release|Any CPU
		{F7EA0735-9928-4326-BFB7-34124779CA53}.Debug|Any CPU.ActiveCfg = Debug|Any CPU
		{F7EA0735-9928-4326-BFB7-34124779CA53}.Debug|Any CPU.Build.0 = Debug|Any CPU
		{F7EA0735-9928-4326-BFB7-34124779CA53}.Release|Any CPU.ActiveCfg = Release|Any CPU
		{F7EA0735-9928-4326-BFB7-34124779CA53}.Release|Any CPU.Build.0 = Release|Any CPU
		{0FC32A12-80B4-4CF9-8BDB-F5E11B69A7EF}.Debug|Any CPU.ActiveCfg = Debug|Any CPU
		{0FC32A12-80B4-4CF9-8BDB-F5E11B69A7EF}.Debug|Any CPU.Build.0 = Debug|Any CPU
		{0FC32A12-80B4-4CF9-8BDB-F5E11B69A7EF}.Release|Any CPU.ActiveCfg = Release|Any CPU
		{0FC32A12-80B4-4CF9-8BDB-F5E11B69A7EF}.Release|Any CPU.Build.0 = Release|Any CPU
		{16B6995E-298B-430A-AAF7-56B21B4CDF3A}.Debug|Any CPU.ActiveCfg = Debug|Any CPU
		{16B6995E-298B-430A-AAF7-56B21B4CDF3A}.Debug|Any CPU.Build.0 = Debug|Any CPU
		{16B6995E-298B-430A-AAF7-56B21B4CDF3A}.Release|Any CPU.ActiveCfg = Release|Any CPU
		{16B6995E-298B-430A-AAF7-56B21B4CDF3A}.Release|Any CPU.Build.0 = Release|Any CPU
		{34877255-8E03-4CC9-8D00-04954887F7DB}.Debug|Any CPU.ActiveCfg = Debug|Any CPU
		{34877255-8E03-4CC9-8D00-04954887F7DB}.Debug|Any CPU.Build.0 = Debug|Any CPU
		{34877255-8E03-4CC9-8D00-04954887F7DB}.Release|Any CPU.ActiveCfg = Release|Any CPU
		{34877255-8E03-4CC9-8D00-04954887F7DB}.Release|Any CPU.Build.0 = Release|Any CPU
		{5E09FD57-3560-436B-910C-56B8CF3ABEAC}.Debug|Any CPU.ActiveCfg = Debug|Any CPU
		{5E09FD57-3560-436B-910C-56B8CF3ABEAC}.Debug|Any CPU.Build.0 = Debug|Any CPU
		{5E09FD57-3560-436B-910C-56B8CF3ABEAC}.Release|Any CPU.ActiveCfg = Release|Any CPU
		{5E09FD57-3560-436B-910C-56B8CF3ABEAC}.Release|Any CPU.Build.0 = Release|Any CPU
		{24FA16D4-D1F1-458F-A0B7-5E90D9FD26D2}.Debug|Any CPU.ActiveCfg = Debug|Any CPU
		{24FA16D4-D1F1-458F-A0B7-5E90D9FD26D2}.Debug|Any CPU.Build.0 = Debug|Any CPU
		{24FA16D4-D1F1-458F-A0B7-5E90D9FD26D2}.Release|Any CPU.ActiveCfg = Release|Any CPU
		{24FA16D4-D1F1-458F-A0B7-5E90D9FD26D2}.Release|Any CPU.Build.0 = Release|Any CPU
		{F3FFC8FA-B0C8-4649-B521-4139A64D8AA0}.Debug|Any CPU.ActiveCfg = Debug|Any CPU
		{F3FFC8FA-B0C8-4649-B521-4139A64D8AA0}.Debug|Any CPU.Build.0 = Debug|Any CPU
		{F3FFC8FA-B0C8-4649-B521-4139A64D8AA0}.Release|Any CPU.ActiveCfg = Release|Any CPU
		{F3FFC8FA-B0C8-4649-B521-4139A64D8AA0}.Release|Any CPU.Build.0 = Release|Any CPU
		{4D7DA2D0-902D-4D06-AF20-137F1744D430}.Debug|Any CPU.ActiveCfg = Debug|Any CPU
		{4D7DA2D0-902D-4D06-AF20-137F1744D430}.Debug|Any CPU.Build.0 = Debug|Any CPU
		{4D7DA2D0-902D-4D06-AF20-137F1744D430}.Release|Any CPU.ActiveCfg = Release|Any CPU
		{4D7DA2D0-902D-4D06-AF20-137F1744D430}.Release|Any CPU.Build.0 = Release|Any CPU
		{E7D22EFE-829D-4FE5-9D39-E9E4BADEB02C}.Debug|Any CPU.ActiveCfg = Debug|Any CPU
		{E7D22EFE-829D-4FE5-9D39-E9E4BADEB02C}.Debug|Any CPU.Build.0 = Debug|Any CPU
		{E7D22EFE-829D-4FE5-9D39-E9E4BADEB02C}.Release|Any CPU.ActiveCfg = Release|Any CPU
		{E7D22EFE-829D-4FE5-9D39-E9E4BADEB02C}.Release|Any CPU.Build.0 = Release|Any CPU
		{9A327D63-478E-4DF2-A815-384D05D9A5FA}.Debug|Any CPU.ActiveCfg = Debug|Any CPU
		{9A327D63-478E-4DF2-A815-384D05D9A5FA}.Debug|Any CPU.Build.0 = Debug|Any CPU
		{9A327D63-478E-4DF2-A815-384D05D9A5FA}.Release|Any CPU.ActiveCfg = Release|Any CPU
		{9A327D63-478E-4DF2-A815-384D05D9A5FA}.Release|Any CPU.Build.0 = Release|Any CPU
		{E2844448-DD35-4C12-88F3-DC27388AF763}.Debug|Any CPU.ActiveCfg = Debug|Any CPU
		{E2844448-DD35-4C12-88F3-DC27388AF763}.Debug|Any CPU.Build.0 = Debug|Any CPU
		{E2844448-DD35-4C12-88F3-DC27388AF763}.Release|Any CPU.ActiveCfg = Release|Any CPU
		{E2844448-DD35-4C12-88F3-DC27388AF763}.Release|Any CPU.Build.0 = Release|Any CPU
	EndGlobalSection
	GlobalSection(SolutionProperties) = preSolution
		HideSolutionNode = FALSE
	EndGlobalSection
	GlobalSection(ExtensibilityGlobals) = postSolution
		SolutionGuid = {7754FBAB-90E2-4D1E-8877-2040B730291E}
	EndGlobalSection
EndGlobal
